schema: '2.0'
stages:
  preprocess:
    cmd: python src/preprocess.py
    deps:
    - path: data/raw/toxic_comments_sample.csv
      hash: md5
      md5: 9f6cc88db4fb109ae40479bef7e619b7
      size: 13563
    - path: src/preprocess.py
      hash: md5
      md5: 6e991bb46a70c49a8fef4342bd59ca31
      size: 1035
    outs:
    - path: data/processed/processed.csv
      hash: md5
      md5: ea7c0c005140efdaa13a6de97806fbf9
      size: 14626
